
Microsoft Visual Studio Solution File, Format Version 12.00
# Visual Studio Version 17
VisualStudioVersion = 17.11.35303.130
MinimumVisualStudioVersion = 10.0.40219.1
Project("{FAE04EC0-301F-11D3-BF4B-00C04F79EFBC}") = "Project1", "Project1\Project1.csproj", "{1A1A3A83-8642-4F8C-9A97-595F2E0CF7D0}"
EndProject
Project("{FAE04EC0-301F-11D3-BF4B-00C04F79EFBC}") = "Project2", "Project2\Project2.csproj", "{079089CA-DF57-4CD4-A6CE-A167FFAB6249}"
EndProject
Global
	GlobalSection(SolutionConfigurationPlatforms) = preSolution
		Debug|Any CPU = Debug|Any CPU
		Release|Any CPU = Release|Any CPU
	EndGlobalSection
	GlobalSection(ProjectConfigurationPlatforms) = postSolution
		{1A1A3A83-8642-4F8C-9A97-595F2E0CF7D0}.Debug|Any CPU.ActiveCfg = Debug|Any CPU
		{1A1A3A83-8642-4F8C-9A97-595F2E0CF7D0}.Debug|Any CPU.Build.0 = Debug|Any CPU
		{1A1A3A83-8642-4F8C-9A97-595F2E0CF7D0}.Release|Any CPU.ActiveCfg = Release|Any CPU
		{1A1A3A83-8642-4F8C-9A97-595F2E0CF7D0}.Release|Any CPU.Build.0 = Release|Any CPU
		{079089CA-DF57-4CD4-A6CE-A167FFAB6249}.Debug|Any CPU.ActiveCfg = Debug|Any CPU
		{079089CA-DF57-4CD4-A6CE-A167FFAB6249}.Debug|Any CPU.Build.0 = Debug|Any CPU
		{079089CA-DF57-4CD4-A6CE-A167FFAB6249}.Release|Any CPU.ActiveCfg = Release|Any CPU
		{079089CA-DF57-4CD4-A6CE-A167FFAB6249}.Release|Any CPU.Build.0 = Release|Any CPU
	EndGlobalSection
	GlobalSection(SolutionProperties) = preSolution
		HideSolutionNode = FALSE
	EndGlobalSection
	GlobalSection(ExtensibilityGlobals) = postSolution
		SolutionGuid = {A3E57EA1-FFDA-4BA3-BFC5-8FE83ED1E9F8}
	EndGlobalSection
EndGlobal
